
Microsoft Visual Studio Solution File, Format Version 12.00
# Visual Studio 2013
VisualStudioVersion = 12.0.21005.1
MinimumVisualStudioVersion = 10.0.40219.1
Project("{FAE04EC0-301F-11D3-BF4B-00C04F79EFBC}") = "WindowsFormsApplication1", "WindowsFormsApplication1\WindowsFormsApplication1.csproj", "{BAE1E636-79B3-4EFF-B7B7-949F0F9627F1}"
EndProject
Global
	GlobalSection(SolutionConfigurationPlatforms) = preSolution
		Debug|Any CPU = Debug|Any CPU
		Release|Any CPU = Release|Any CPU
	EndGlobalSection
	GlobalSection(ProjectConfigurationPlatforms) = postSolution
		{BAE1E636-79B3-4EFF-B7B7-949F0F9627F1}.Debug|Any CPU.ActiveCfg = Debug|Any CPU
		{BAE1E636-79B3-4EFF-B7B7-949F0F9627F1}.Debug|Any CPU.Build.0 = Debug|Any CPU
		{BAE1E636-79B3-4EFF-B7B7-949F0F9627F1}.Release|Any CPU.ActiveCfg = Release|Any CPU
		{BAE1E636-79B3-4EFF-B7B7-949F0F9627F1}.Release|Any CPU.Build.0 = Release|Any CPU
	EndGlobalSection
	GlobalSection(SolutionProperties) = preSolution
		HideSolutionNode = FALSE
	EndGlobalSection
EndGlobal
